GEM
  remote: https://rubygems.org/
  specs:
    activesupport (7.0.8.7)
      concurrent-ruby (~> 1.0, >= 1.0.2)
      i18n (>= 1.6, < 2)
      minitest (>= 5.1)
      tzinfo (~> 2.0)
    addressable (2.9.0)
      public_suffix (>= 2.0.2, < 8.0)
    autoprefixer-rails (10.4.21.0)
      execjs (~> 2)
    backports (3.25.1)
    base64 (0.3.0)
    bigdecimal (3.2.2)
    chronic (0.10.2)
    chunky_png (1.4.0)
    coderay (1.1.3)
    coffee-script (2.4.1)
      coffee-script-source
      execjs
    coffee-script-source (1.12.2)
    commonmarker (0.23.11)
    compass (1.0.3)
      chunky_png (~> 1.2)
      compass-core (~> 1.0.2)
      compass-import-once (~> 1.0.5)
      rb-fsevent (>= 0.9.3)
      rb-inotify (>= 0.9)
      sass (>= 3.3.13, < 3.5)
    compass-core (1.0.3)
      multi_json (~> 1.0)
      sass (>= 3.3.0, < 3.5)
    compass-import-once (1.0.5)
      sass (>= 3.2, < 3.5)
    concurrent-ruby (1.3.4)
    config (5.6.1)
      deep_merge (~> 1.2, >= 1.2.1)
      ostruct
    contracts (0.16.1)
    csv (3.3.5)
    deep_merge (1.2.2)
    dotenv (3.1.8)
    em-websocket (0.5.3)
      eventmachine (>= 0.12.9)
      http_parser.rb (~> 0)
    erubis (2.7.0)
    eventmachine (1.2.7)
    execjs (2.10.0)
    fast_blank (1.0.1)
    fastimage (2.4.0)
    ffi (1.17.2-aarch64-linux-gnu)
    ffi (1.17.2-aarch64-linux-musl)
    ffi (1.17.2-arm-linux-gnu)
    ffi (1.17.2-arm-linux-musl)
    ffi (1.17.2-arm64-darwin)
    ffi (1.17.2-x86_64-darwin)
    ffi (1.17.2-x86_64-linux-gnu)
    ffi (1.17.2-x86_64-linux-musl)
    google-protobuf (4.31.1)
      bigdecimal
      rake (>= 13)
    google-protobuf (4.31.1-aarch64-linux-gnu)
      bigdecimal
      rake (>= 13)
    google-protobuf (4.31.1-aarch64-linux-musl)
      bigdecimal
      rake (>= 13)
    google-protobuf (4.31.1-arm64-darwin)
      bigdecimal
      rake (>= 13)
    google-protobuf (4.31.1-x86_64-darwin)
      bigdecimal
      rake (>= 13)
    google-protobuf (4.31.1-x86_64-linux-gnu)
      bigdecimal
      rake (>= 13)
    google-protobuf (4.31.1-x86_64-linux-musl)
      bigdecimal
      rake (>= 13)
    govuk_tech_docs (5.0.2)
      autoprefixer-rails (~> 10.2)
      base64
      bigdecimal
      chronic (~> 0.10.2)
      concurrent-ruby (= 1.3.4)
      csv
      haml (~> 6.0)
      middleman (= 4.5.1)
      middleman-autoprefixer (~> 2.10)
      middleman-compass (~> 4.0)
      middleman-livereload
      middleman-search-gds
      middleman-sprockets (~> 4.0.0)
      middleman-syntax (~> 3.4)
      mutex_m
      nokogiri
      openapi3_parser (~> 0.9.0)
      redcarpet (~> 3.6)
      sassc-embedded (~> 1.78.0)
      terser (~> 1.2.3)
    haml (6.3.0)
      temple (>= 0.8.2)
      thor
      tilt
    hamster (3.0.0)
      concurrent-ruby (~> 1.0)
    hashie (3.6.0)
    htmlcompressor (0.2.0)
    http_parser.rb (0.8.0)
    i18n (1.6.0)
      concurrent-ruby (~> 1.0)
    kramdown (2.5.1)
      rexml (>= 3.3.9)
    listen (3.9.0)
      rb-fsevent (~> 0.10, >= 0.10.3)
      rb-inotify (~> 0.9, >= 0.9.10)
    logger (1.7.0)
    memoist (0.16.2)
    method_source (1.1.0)
    middleman (4.5.1)
      coffee-script (~> 2.2)
      haml (>= 4.0.5)
      kramdown (>= 2.3.0)
      middleman-cli (= 4.5.1)
      middleman-core (= 4.5.1)
    middleman-autoprefixer (2.10.0)
      autoprefixer-rails (>= 9.1.4)
      middleman-core (>= 3.3.3)
    middleman-cli (4.5.1)
      thor (>= 0.17.0, < 1.3.0)
    middleman-compass (4.0.1)
      compass (>= 1.0.0, < 2.0.0)
      middleman-core (>= 4.0.0)
    middleman-core (4.5.1)
      activesupport (>= 6.1, < 7.1)
      addressable (~> 2.4)
      backports (~> 3.6)
      bundler (~> 2.0)
      contracts (~> 0.13, < 0.17)
      dotenv
      erubis
      execjs (~> 2.0)
      fast_blank
      fastimage (~> 2.0)
      hamster (~> 3.0)
      hashie (~> 3.4)
      i18n (~> 1.6.0)
      listen (~> 3.0)
      memoist (~> 0.14)
      padrino-helpers (~> 0.15.0)
      parallel
      rack (>= 1.4.5, < 3)
      sassc (~> 2.0)
      servolux
      tilt (~> 2.0.9)
      toml
      uglifier (~> 3.0)
      webrick
    middleman-livereload (3.4.7)
      em-websocket (~> 0.5.1)
      middleman-core (>= 3.3)
      rack-livereload (~> 0.3.15)
    middleman-minify-html (3.4.1)
      htmlcompressor (~> 0.2.0)
      middleman-core (>= 3.2)
    middleman-search-gds (0.11.2)
      execjs (~> 2.6)
      middleman-core (>= 3.2)
      nokogiri (~> 1.6)
    middleman-sprockets (4.0.0)
      middleman-core (~> 4.0)
      sprockets (>= 3.0)
    middleman-syntax (3.5.0)
      middleman-core (>= 3.2)
      rouge (~> 3.2)
    minitest (5.25.5)
    multi_json (1.17.0)
    mutex_m (0.3.0)
    nokogiri (1.19.3-aarch64-linux-gnu)
      racc (~> 1.4)
    nokogiri (1.19.3-aarch64-linux-musl)
      racc (~> 1.4)
    nokogiri (1.19.3-arm-linux-gnu)
      racc (~> 1.4)
    nokogiri (1.19.3-arm-linux-musl)
      racc (~> 1.4)
    nokogiri (1.19.3-arm64-darwin)
      racc (~> 1.4)
    nokogiri (1.19.3-x86_64-darwin)
      racc (~> 1.4)
    nokogiri (1.19.3-x86_64-linux-gnu)
      racc (~> 1.4)
    nokogiri (1.19.3-x86_64-linux-musl)
      racc (~> 1.4)
    openapi3_parser (0.9.2)
      commonmarker (~> 0.17)
    ostruct (0.6.3)
    padrino-helpers (0.15.3)
      i18n (>= 0.6.7, < 2)
      padrino-support (= 0.15.3)
      tilt (>= 1.4.1, < 3)
    padrino-support (0.15.3)
    parallel (1.27.0)
    parslet (2.0.0)
    pry (0.15.2)
      coderay (~> 1.1)
      method_source (~> 1.0)
    public_suffix (7.0.5)
    racc (1.8.1)
    rack (2.2.23)
    rack-livereload (0.3.17)
      rack
    rake (13.3.0)
    rb-fsevent (0.11.2)
    rb-inotify (0.11.1)
      ffi (~> 1.0)
    redcarpet (3.6.1)
    rexml (3.4.2)
    rouge (3.30.0)
    sass (3.4.25)
    sass-embedded (1.89.2-aarch64-linux-gnu)
      google-protobuf (~> 4.31)
    sass-embedded (1.89.2-aarch64-linux-musl)
      google-protobuf (~> 4.31)
    sass-embedded (1.89.2-arm-linux-gnueabihf)
      google-protobuf (~> 4.31)
    sass-embedded (1.89.2-arm-linux-musleabihf)
      google-protobuf (~> 4.31)
    sass-embedded (1.89.2-arm64-darwin)
      google-protobuf (~> 4.31)
    sass-embedded (1.89.2-x86_64-darwin)
      google-protobuf (~> 4.31)
    sass-embedded (1.89.2-x86_64-linux-gnu)
      google-protobuf (~> 4.31)
    sass-embedded (1.89.2-x86_64-linux-musl)
      google-protobuf (~> 4.31)
    sassc (2.4.0)
      ffi (~> 1.9)
    sassc-embedded (1.78.0)
      sass-embedded (~> 1.78)
    servolux (0.13.0)
    sprockets (4.2.2)
      concurrent-ruby (~> 1.0)
      logger
      rack (>= 2.2.4, < 4)
    temple (0.10.3)
    terser (1.2.6)
      execjs (>= 0.3.0, < 3)
    thor (1.2.2)
    tilt (2.0.11)
    toml (0.3.0)
      parslet (>= 1.8.0, < 3.0.0)
    tzinfo (2.0.6)
      concurrent-ruby (~> 1.0)
    uglifier (3.2.0)
      execjs (>= 0.3.0, < 3)
    webrick (1.9.1)

PLATFORMS
  aarch64-linux-gnu
  aarch64-linux-musl
  arm-linux-gnu
  arm-linux-gnueabihf
  arm-linux-musl
  arm-linux-musleabihf
  arm64-darwin
  x86_64-darwin
  x86_64-linux-gnu
  x86_64-linux-musl

DEPENDENCIES
  config (~> 5.6)
  govuk_tech_docs
  middleman-minify-html
  pry

CHECKSUMS
  activesupport (7.0.8.7) sha256=df4702375de924aae81709c831605317c5417f0bd9e502a0373ff84a067204ff
  addressable (2.9.0) sha256=7fdf6ac3660f7f4e867a0838be3f6cf722ace541dd97767fa42bc6cfa980c7af
  autoprefixer-rails (10.4.21.0) sha256=71b48caf850fc25275abd96f0b1fdd51c82e1c9b99cd30085cacb05da9c70235
  backports (3.25.1) sha256=439fbc9db44db9c63cf12001ed2e3a9ddbdb50da560b2bf7cf3fbe6fcae64ad8
  base64 (0.3.0) sha256=27337aeabad6ffae05c265c450490628ef3ebd4b67be58257393227588f5a97b
  bigdecimal (3.2.2) sha256=39085f76b495eb39a79ce07af716f3a6829bc35eb44f2195e2753749f2fa5adc
  chronic (0.10.2) sha256=766f2fcce6ac3cc152249ed0f2b827770d3e517e2e87c5fba7ed74f4889d2dc3
  chunky_png (1.4.0) sha256=89d5b31b55c0cf4da3cf89a2b4ebc3178d8abe8cbaf116a1dba95668502fdcfe
  coderay (1.1.3) sha256=dc530018a4684512f8f38143cd2a096c9f02a1fc2459edcfe534787a7fc77d4b
  coffee-script (2.4.1) sha256=82fe281e11b93c8117b98c5ea8063e71741870f1c4fbb27177d7d6333dd38765
  coffee-script-source (1.12.2) sha256=e12b16fd8927fbbf8b87cb2e9a85a6cf457c6881cc7ff8b1af15b31f70da07a4
  commonmarker (0.23.11) sha256=9d1d35d358740151bce29235aebfecc63314fb57dd89a83e72d4061b4fe3d2bf
  compass (1.0.3) sha256=4c7884dc5349d59011fd6c5736a0404008d5609235037741feac9c8ff840d151
  compass-core (1.0.3) sha256=6ac8bb4cabb5bf80d1a7febbacfd35c1aa83e91a7a511637668dffda38be5a79
  compass-import-once (1.0.5) sha256=38978ffed0d332e8526e87e1befd1b6831774ca7d8350c5adb5b9eef167fc72e
  concurrent-ruby (1.3.4) sha256=d4aa926339b0a86b5b5054a0a8c580163e6f5dcbdfd0f4bb916b1a2570731c32
  config (5.6.1) sha256=a9f0f0f9ffa6d12d43147a3fa1ab8486fe484c3098a350c6a2e0f32430e0d1cc
  contracts (0.16.1) sha256=29fddcd80a3cefbdf57bbeb5bab18adc50fc64e3cea311d7cb35c63489058d66
  csv (3.3.5) sha256=6e5134ac3383ef728b7f02725d9872934f523cb40b961479f69cf3afa6c8e73f
  deep_merge (1.2.2) sha256=83ced3a3d7f95f67de958d2ce41b1874e83c8d94fe2ddbff50c8b4b82323563a
  dotenv (3.1.8) sha256=9e1176060ced581f8e6ce4384e91361817763a76e3c625c8bddc18b35bd392c3
  em-websocket (0.5.3) sha256=f56a92bde4e6cb879256d58ee31f124181f68f8887bd14d53d5d9a292758c6a8
  erubis (2.7.0) sha256=63653f5174a7997f6f1d6f465fbe1494dcc4bdab1fb8e635f6216989fb1148ba
  eventmachine (1.2.7) sha256=994016e42aa041477ba9cff45cbe50de2047f25dd418eba003e84f0d16560972
  execjs (2.10.0) sha256=6bcb8be8f0052ff9d370b65d1c080f2406656e150452a0abdb185a133048450d
  fast_blank (1.0.1) sha256=269fc30414fed4e6403bc4a49081e1ea539f8b9226e59276ed1efaefabaa17ea
  fastimage (2.4.0) sha256=5fce375e27d3bdbb46c18dbca6ba9af29d3304801ae1eb995771c4796c5ac7e8
  ffi (1.17.2-aarch64-linux-gnu) sha256=c910bd3cae70b76690418cce4572b7f6c208d271f323d692a067d59116211a1a
  ffi (1.17.2-aarch64-linux-musl) sha256=69e6556b091d45df83e6c3b19d3c54177c206910965155a6ec98de5e893c7b7c
  ffi (1.17.2-arm-linux-gnu) sha256=d4a438f2b40224ae42ec72f293b3ebe0ba2159f7d1bd47f8417e6af2f68dbaa5
  ffi (1.17.2-arm-linux-musl) sha256=977dfb7f3a6381206dbda9bc441d9e1f9366bf189a634559c3b7c182c497aaa3
  ffi (1.17.2-arm64-darwin) sha256=54dd9789be1d30157782b8de42d8f887a3c3c345293b57ffb6b45b4d1165f813
  ffi (1.17.2-x86_64-darwin) sha256=981f2d4e32ea03712beb26e55e972797c2c5a7b0257955d8667ba58f2da6440e
  ffi (1.17.2-x86_64-linux-gnu) sha256=05d2026fc9dbb7cfd21a5934559f16293815b7ce0314846fee2ac8efbdb823ea
  ffi (1.17.2-x86_64-linux-musl) sha256=97c0eb3981414309285a64dc4d466bd149e981c279a56371ef811395d68cb95c
  google-protobuf (4.31.1) sha256=022bc82931a0860a7f2ace41bd48e904c8e65032c1d5eefc33294b5edf9741f8
  google-protobuf (4.31.1-aarch64-linux-gnu) sha256=d5b8268b2e07776b15a73ed96ca416eab771821b162b239dbdbfb2c85e2d17e5
  google-protobuf (4.31.1-aarch64-linux-musl) sha256=fcd5b79ac4048e89e44c4c64fb432fa6400ec3c2f0344a7effa95fbc6895d24a
  google-protobuf (4.31.1-arm64-darwin) sha256=177ca61d254e4516d42997aa9d3127fd5e04ffc60c4ad333b1515ded6d7af89d
  google-protobuf (4.31.1-x86_64-darwin) sha256=bdf067d1456167275ca7ce269922a99d24fcb9071d86429289cd73f0cf536ae4
  google-protobuf (4.31.1-x86_64-linux-gnu) sha256=7def6dbf996dab289dd541a3ee8b201e2c3e35911c274325ad9b483ebffb6dcd
  google-protobuf (4.31.1-x86_64-linux-musl) sha256=7d99d7728d9d7a6fda36130acac2a9947b868e28fe3f4aec4131cebce0d420f9
  govuk_tech_docs (5.0.2) sha256=103ae851a51cbfba1444db6618f5e349a2529687513554188eb2d726671ed5ca
  haml (6.3.0) sha256=8e6eb87d869639e348852009e74a2a1663d79663ed7e7dbcb38beb1f12bcdd97
  hamster (3.0.0) sha256=5951e3a3ffd15ba854a976ac36ebae9469966f726034ffed0dccdb6d12d434d8
  hashie (3.6.0) sha256=b097778abd066b5b506a07a226037b45f2f1d45f13f7ef552813b122aefb6d8d
  htmlcompressor (0.2.0) sha256=92738a8a2f1e17ee1841cbde2a265f99b9e02f8095f5bb9fe58c81f21ccc1d1a
  http_parser.rb (0.8.0) sha256=5a0932f1fa82ce08a8516a2685d5a86031c000560f89946913c555a0697544be
  i18n (1.6.0) sha256=941b77be3243ae41091349c0c598bc170ba4aeaf893b757b111a05933db5ddc1
  kramdown (2.5.1) sha256=87bbb6abd9d3cebe4fc1f33e367c392b4500e6f8fa19dd61c0972cf4afe7368c
  listen (3.9.0) sha256=db9e4424e0e5834480385197c139cb6b0ae0ef28cc13310cfd1ca78377d59c67
  logger (1.7.0) sha256=196edec7cc44b66cfb40f9755ce11b392f21f7967696af15d274dde7edff0203
  memoist (0.16.2) sha256=a52c53a3f25b5875151670b2f3fd44388633486dc0f09f9a7150ead1e3bf3c45
  method_source (1.1.0) sha256=181301c9c45b731b4769bc81e8860e72f9161ad7d66dd99103c9ab84f560f5c5
  middleman (4.5.1) sha256=2c76818647f1966eb3f3200a212472c35074c693ae79d115891fce5ea7f8a737
  middleman-autoprefixer (2.10.0) sha256=109faec93734a44bffb11fc9cbe4ccd84c1dd300ab70f78014766bcdb5b5b0b3
  middleman-cli (4.5.1) sha256=cf3e6acfabeae600e618befa317f2cf83bfe02f755e923a33e9a8371370d9647
  middleman-compass (4.0.1) sha256=a2d3253b32214fbb4f2fa93f4336f523fdbe3f92469d63eeaa3702fe3fa278b0
  middleman-core (4.5.1) sha256=f3163572f99a876b6990ce904cc31c83a09ce1cb8b6e3caf135c6452ddacb0cb
  middleman-livereload (3.4.7) sha256=1d0307b4862bf49aa272ea38798672d76b7c1a01168ffe8c81791113fd6ddf7a
  middleman-minify-html (3.4.1) sha256=fa3c3b06849b9adc28b4ce01a012cb30a1fb3f6602ad0dc079d270c3229e6ca7
  middleman-search-gds (0.11.2) sha256=97f696311a790a48ca2e46bf120f8860e5bfbd939a78c1ee5ad325867138475e
  middleman-sprockets (4.0.0) sha256=5dba913b4369b5923789f6d77b2b2211e925748767f5e1f244e7cd16999714d4
  middleman-syntax (3.5.0) sha256=602c9d9ac3c9ce06e466af9b517f72b89b5d1a681ea5b2fcf7c0bd3766e530c4
  minitest (5.25.5) sha256=391b6c6cb43a4802bfb7c93af1ebe2ac66a210293f4a3fb7db36f2fc7dc2c756
  multi_json (1.17.0) sha256=76581f6c96aebf2e85f8a8b9854829e0988f335e8671cd1a56a1036eb75e4a1b
  mutex_m (0.3.0) sha256=cfcb04ac16b69c4813777022fdceda24e9f798e48092a2b817eb4c0a782b0751
  nokogiri (1.19.3-aarch64-linux-gnu) sha256=46b89e5d7b9e844c2ee360794240c6ea2a4e6fa0c5892a4ed487db621224b639
  nokogiri (1.19.3-aarch64-linux-musl) sha256=8392dfdcd21be7a94dbbe9ccc138dea01b97b24cb2dc02a114ca98bfb1d9a0b7
  nokogiri (1.19.3-arm-linux-gnu) sha256=3919d5ffc334ad778a4a9eb88fda7dcb8b1fb58c8a52ac640c6dcd2f038e774f
  nokogiri (1.19.3-arm-linux-musl) sha256=9ce1cb6346bb9c67b1550eb537aa183ead91e4b6eadb2f36ade02d8dd2a79fb6
  nokogiri (1.19.3-arm64-darwin) sha256=71b9bd424b1b7abc18b05052a1a3cfd3627abdca62be280854cc411791357e42
  nokogiri (1.19.3-x86_64-darwin) sha256=77f3fba57d46c53ab31e62fc6c28f705109d1bf6264356c76f132b2be5728d4d
  nokogiri (1.19.3-x86_64-linux-gnu) sha256=2f5078620fe12e83669b5b17311b32532a8153d02eee7ad06948b926d6080976
  nokogiri (1.19.3-x86_64-linux-musl) sha256=248c906d2166eca5efb56d52fdee5f9a1f51d69a72e2b64fdac647b4ce39ea3f
  openapi3_parser (0.9.2) sha256=1b0ea6409ebe7d4834705d1ad09a2370e3a364b6485b5acc3a7965f0dc4bdb69
  ostruct (0.6.3) sha256=95a2ed4a4bd1d190784e666b47b2d3f078e4a9efda2fccf18f84ddc6538ed912
  padrino-helpers (0.15.3) sha256=b8231f148308428db18380bbc8914b4f5b1dd90ffa50e8972373b9b7f553cf4d
  padrino-support (0.15.3) sha256=2d25607c04c782bbf0b338f54c3bd08fbbd63dfd51f0acae0ca5d95783c419cc
  parallel (1.27.0) sha256=4ac151e1806b755fb4e2dc2332cbf0e54f2e24ba821ff2d3dcf86bf6dc4ae130
  parslet (2.0.0) sha256=d45130695d39b43d7e6a91f4d2ec66b388a8d822bae38de9b4de9a5fbde1f606
  pry (0.15.2) sha256=12d54b8640d3fa29c9211dd4ffb08f3fd8bf7a4fd9b5a73ce5b59c8709385b6b
  public_suffix (7.0.5) sha256=1a8bb08f1bbea19228d3bed6e5ed908d1cb4f7c2726d18bd9cadf60bc676f623
  racc (1.8.1) sha256=4a7f6929691dbec8b5209a0b373bc2614882b55fc5d2e447a21aaa691303d62f
  rack (2.2.23) sha256=a8fe9d7e07064770b8ec123663fded8a59ef7e2b6db5cda7173d45a5718ab69c
  rack-livereload (0.3.17) sha256=b1dcf1f7f9b7b320dc2e84406d3450d30edcec0731a171d815f75d4577a59fea
  rake (13.3.0) sha256=96f5092d786ff412c62fde76f793cc0541bd84d2eb579caa529aa8a059934493
  rb-fsevent (0.11.2) sha256=43900b972e7301d6570f64b850a5aa67833ee7d87b458ee92805d56b7318aefe
  rb-inotify (0.11.1) sha256=a0a700441239b0ff18eb65e3866236cd78613d6b9f78fea1f9ac47a85e47be6e
  redcarpet (3.6.1) sha256=d444910e6aa55480c6bcdc0cdb057626e8a32c054c29e793fa642ba2f155f445
  rexml (3.4.2) sha256=1384268554a37af5da5279431ca3f2f37d46f09ffdd6c95e17cc84c83ea7c417
  rouge (3.30.0) sha256=a3d353222aa72e49e2c86726c0bcfd719f82592f57d494474655f48e669eceb6
  sass (3.4.25) sha256=7cd272c39bfa3a52fbfc2685f38697099971a8dc933e1c10a384bf862067d74d
  sass-embedded (1.89.2-aarch64-linux-gnu) sha256=4f4fb373d842e5b43522251e7e604fbdb78bb5e078bcbd7d63f6938aae000c0a
  sass-embedded (1.89.2-aarch64-linux-musl) sha256=a403ba9720f4f679a7d2c7fc197767ec7570b43bca4ff1c31ec619ca7724e4c8
  sass-embedded (1.89.2-arm-linux-gnueabihf) sha256=1a5385e4ef6490e24aae176bd82553c014cd43aaefc2940c5a9c64822df1e573
  sass-embedded (1.89.2-arm-linux-musleabihf) sha256=9f37f503126dff7be952958d363c119378c6c53b845183fa56dc70784e34525f
  sass-embedded (1.89.2-arm64-darwin) sha256=9b42b0a89b350807ac073c40978fe6791aac442ded0fa54b187b01a2b13f3b9f
  sass-embedded (1.89.2-x86_64-darwin) sha256=a93ec21116b18909294ecc9de21646db284841533c500e96f18926d7aa60b81e
  sass-embedded (1.89.2-x86_64-linux-gnu) sha256=5e71dbefaf4d9b9048cb874df6170f2368d4b5e9827dbf8f6349b01c9f3d8e88
  sass-embedded (1.89.2-x86_64-linux-musl) sha256=05c73be719201d86e6d25c322d286dcdee43bc3ec285555ccd1d135b248c41b1
  sassc (2.4.0) sha256=4c60a2b0a3b36685c83b80d5789401c2f678c1652e3288315a1551d811d9f83e
  sassc-embedded (1.78.0) sha256=98668e621ca8d94b0495288b3a12e86b617683d5c058916654ce80e869606aee
  servolux (0.13.0) sha256=1a33c45458f8061d8a989b19d3ad6e5cfad04881b3fe988508a90850a3961519
  sprockets (4.2.2) sha256=761e5a49f1c288704763f73139763564c845a8f856d52fba013458f8af1b59b1
  temple (0.10.3) sha256=df3145fe6577af1e25387eb7f7122d32ed51bdb6f2e7bb0f4fbf07b66151913b
  terser (1.2.6) sha256=6ddf00b93df7015b07e2b9b149e74cd70fa7aa4f0f89a15d9922a6ebd13f37ab
  thor (1.2.2) sha256=2f93c652828cba9fcf4f65f5dc8c306f1a7317e05aad5835a13740122c17f24c
  tilt (2.0.11) sha256=7b180fc472cbdeb186c85d31c0f2d1e61a2c0d77e1d9fd0ca28482a9d972d6a0
  toml (0.3.0) sha256=0a91d0f76a9036e84e44f95693b12f58d358c1df3ac8e3b5271f2056ecc6e4b9
  tzinfo (2.0.6) sha256=8daf828cc77bcf7d63b0e3bdb6caa47e2272dcfaf4fbfe46f8c3a9df087a829b
  uglifier (3.2.0) sha256=dfbedad6df597d13aed499e038a4779d7f7002214adc57da808633db89ddb872
  webrick (1.9.1) sha256=b42d3c94f166f3fb73d87e9b359def9b5836c426fc8beacf38f2184a21b2a989

BUNDLED WITH
   2.7.2
